
Microsoft Visual Studio Solution File, Format Version 12.00
# Visual Studio Version 17
VisualStudioVersion = 17.12.35527.113
MinimumVisualStudioVersion = 10.0.40219.1
Project("{9A19103F-16F7-4668-BE54-9A1E7A4F7556}") = "Lab9", "Lab9.csproj", "{AD97B326-12F8-4762-A670-462DCBC5A11E}"
EndProject
Project("{FAE04EC0-301F-11D3-BF4B-00C04F79EFBC}") = "Lab9Test", "..\Lab9Test\Lab9Test.csproj", "{B2E3F85B-E0BB-5DAC-B080-DF387544CAE1}"
EndProject
Global
	GlobalSection(SolutionConfigurationPlatforms) = preSolution
		Debug|Any CPU = Debug|Any CPU
		Release|Any CPU = Release|Any CPU
	EndGlobalSection
	GlobalSection(ProjectConfigurationPlatforms) = postSolution
		{AD97B326-12F8-4762-A670-462DCBC5A11E}.Debug|Any CPU.ActiveCfg = Debug|Any CPU
		{AD97B326-12F8-4762-A670-462DCBC5A11E}.Debug|Any CPU.Build.0 = Debug|Any CPU
		{AD97B326-12F8-4762-A670-462DCBC5A11E}.Release|Any CPU.ActiveCfg = Release|Any CPU
		{AD97B326-12F8-4762-A670-462DCBC5A11E}.Release|Any CPU.Build.0 = Release|Any CPU
		{B2E3F85B-E0BB-5DAC-B080-DF387544CAE1}.Debug|Any CPU.ActiveCfg = Debug|Any CPU
		{B2E3F85B-E0BB-5DAC-B080-DF387544CAE1}.Debug|Any CPU.Build.0 = Debug|Any CPU
		{B2E3F85B-E0BB-5DAC-B080-DF387544CAE1}.Release|Any CPU.ActiveCfg = Release|Any CPU
		{B2E3F85B-E0BB-5DAC-B080-DF387544CAE1}.Release|Any CPU.Build.0 = Release|Any CPU
	EndGlobalSection
	GlobalSection(SolutionProperties) = preSolution
		HideSolutionNode = FALSE
	EndGlobalSection
	GlobalSection(ExtensibilityGlobals) = postSolution
		SolutionGuid = {1F140E6D-F209-464F-9F9E-54E6C728C0E7}
	EndGlobalSection
EndGlobal
